
Microsoft Visual Studio Solution File, Format Version 12.00
# Visual Studio 14
VisualStudioVersion = 14.0.25420.1
MinimumVisualStudioVersion = 10.0.40219.1
Project("{FAE04EC0-301F-11D3-BF4B-00C04F79EFBC}") = "Task2", "Task2\Task2.csproj", "{78279EE7-2F69-4F3F-AF4C-17F64A3E3ABF}"
EndProject
Global
	GlobalSection(SolutionConfigurationPlatforms) = preSolution
		Debug|Any CPU = Debug|Any CPU
		Release|Any CPU = Release|Any CPU
	EndGlobalSection
	GlobalSection(ProjectConfigurationPlatforms) = postSolution
		{78279EE7-2F69-4F3F-AF4C-17F64A3E3ABF}.Debug|Any CPU.ActiveCfg = Debug|Any CPU
		{78279EE7-2F69-4F3F-AF4C-17F64A3E3ABF}.Debug|Any CPU.Build.0 = Debug|Any CPU
		{78279EE7-2F69-4F3F-AF4C-17F64A3E3ABF}.Release|Any CPU.ActiveCfg = Release|Any CPU
		{78279EE7-2F69-4F3F-AF4C-17F64A3E3ABF}.Release|Any CPU.Build.0 = Release|Any CPU
	EndGlobalSection
	GlobalSection(SolutionProperties) = preSolution
		HideSolutionNode = FALSE
	EndGlobalSection
EndGlobal
